
Microsoft Visual Studio Solution File, Format Version 12.00
# Visual Studio Version 17
VisualStudioVersion = 17.8.34601.278
MinimumVisualStudioVersion = 10.0.40219.1
Project("{FAE04EC0-301F-11D3-BF4B-00C04F79EFBC}") = "MauiAppCarouselViewProblem", "MauiAppCarouselViewProblem.csproj", "{EF96DBC1-3B81-4694-B582-20DDE6E3D025}"
EndProject
Global
	GlobalSection(SolutionConfigurationPlatforms) = preSolution
		Debug|Any CPU = Debug|Any CPU
		Release|Any CPU = Release|Any CPU
	EndGlobalSection
	GlobalSection(ProjectConfigurationPlatforms) = postSolution
		{EF96DBC1-3B81-4694-B582-20DDE6E3D025}.Debug|Any CPU.ActiveCfg = Debug|Any CPU
		{EF96DBC1-3B81-4694-B582-20DDE6E3D025}.Debug|Any CPU.Build.0 = Debug|Any CPU
		{EF96DBC1-3B81-4694-B582-20DDE6E3D025}.Debug|Any CPU.Deploy.0 = Debug|Any CPU
		{EF96DBC1-3B81-4694-B582-20DDE6E3D025}.Release|Any CPU.ActiveCfg = Release|Any CPU
		{EF96DBC1-3B81-4694-B582-20DDE6E3D025}.Release|Any CPU.Build.0 = Release|Any CPU
		{EF96DBC1-3B81-4694-B582-20DDE6E3D025}.Release|Any CPU.Deploy.0 = Release|Any CPU
	EndGlobalSection
	GlobalSection(SolutionProperties) = preSolution
		HideSolutionNode = FALSE
	EndGlobalSection
	GlobalSection(ExtensibilityGlobals) = postSolution
		SolutionGuid = {F72B1E5B-5DC9-42EB-8B35-D9978CA32459}
	EndGlobalSection
EndGlobal
